
Microsoft Visual Studio Solution File, Format Version 12.00
# Visual Studio Version 17
VisualStudioVersion = 17.11.35327.3
MinimumVisualStudioVersion = 10.0.40219.1
Project("{FAE04EC0-301F-11D3-BF4B-00C04F79EFBC}") = "OnTap_LTDN", "OnTap_LTDN\OnTap_LTDN.csproj", "{F04C3CC3-9C39-4FC7-BE25-BF70A2EF0ACF}"
EndProject
Global
	GlobalSection(SolutionConfigurationPlatforms) = preSolution
		Debug|Any CPU = Debug|Any CPU
		Release|Any CPU = Release|Any CPU
	EndGlobalSection
	GlobalSection(ProjectConfigurationPlatforms) = postSolution
		{F04C3CC3-9C39-4FC7-BE25-BF70A2EF0ACF}.Debug|Any CPU.ActiveCfg = Debug|Any CPU
		{F04C3CC3-9C39-4FC7-BE25-BF70A2EF0ACF}.Debug|Any CPU.Build.0 = Debug|Any CPU
		{F04C3CC3-9C39-4FC7-BE25-BF70A2EF0ACF}.Release|Any CPU.ActiveCfg = Release|Any CPU
		{F04C3CC3-9C39-4FC7-BE25-BF70A2EF0ACF}.Release|Any CPU.Build.0 = Release|Any CPU
	EndGlobalSection
	GlobalSection(SolutionProperties) = preSolution
		HideSolutionNode = FALSE
	EndGlobalSection
	GlobalSection(ExtensibilityGlobals) = postSolution
		SolutionGuid = {451733FD-151E-4E77-8BE3-A0ACF5EEFF80}
	EndGlobalSection
EndGlobal
